{
  "nodes": {
    "nixpkgs": {
      "locked": {
        "lastModified": 1773110118,
        "narHash": "sha256-mPAG8phMbCReKSiKAijjjd3v7uVcJOQ75gSjGJjt/Rk=",
        "owner": "NixOS",
        "repo": "nixpkgs",
        "rev": "e607cb5360ff1234862ac9f8839522becb853bb9",
        "type": "github"
      },
      "original": {
        "id": "nixpkgs",
        "type": "indirect"
      }
    },
    "root": {
      "inputs": {
        "nixpkgs": "nixpkgs",
        "userverSrc": "userverSrc"
      }
    },
    "userverSrc": {
      "flake": false,
      "locked": {
        "lastModified": 1773256359,
        "narHash": "sha256-gnf+Th0oYPBPeoyL5DjH3yDEfY9k+zXSxjgt8RES9Wc=",
        "owner": "userver-framework",
        "repo": "userver",
        "rev": "ba2ae1fefaebacd41647d6b3fcf5023546a67065",
        "type": "github"
      },
      "original": {
        "owner": "userver-framework",
        "repo": "userver",
        "rev": "ba2ae1fefaebacd41647d6b3fcf5023546a67065",
        "type": "github"
      }
    }
  },
  "root": "root",
  "version": 7
}
